
Microsoft Visual Studio Solution File, Format Version 12.00
# Visual Studio 2012
Project("{FAE04EC0-301F-11D3-BF4B-00C04F79EFBC}") = "DigitRecognizer.UI", "DigitRecognizer.UI\DigitRecognizer.UI.csproj", "{F3941B39-CDA6-4E79-A287-1C4699BDFF48}"
EndProject
Project("{F2A71F9B-5D33-465A-A702-920D77279786}") = "DigitRecognizer", "DigitRecognizer\DigitRecognizer.fsproj", "{1237C397-4200-4DFD-8432-00D2321BDF93}"
EndProject
Global
	GlobalSection(SolutionConfigurationPlatforms) = preSolution
		Debug|Any CPU = Debug|Any CPU
		Debug|ARM = Debug|ARM
		Debug|x64 = Debug|x64
		Debug|x86 = Debug|x86
		Release|Any CPU = Release|Any CPU
		Release|ARM = Release|ARM
		Release|x64 = Release|x64
		Release|x86 = Release|x86
	EndGlobalSection
	GlobalSection(ProjectConfigurationPlatforms) = postSolution
		{F3941B39-CDA6-4E79-A287-1C4699BDFF48}.Debug|Any CPU.ActiveCfg = Debug|Any CPU
		{F3941B39-CDA6-4E79-A287-1C4699BDFF48}.Debug|Any CPU.Build.0 = Debug|Any CPU
		{F3941B39-CDA6-4E79-A287-1C4699BDFF48}.Debug|Any CPU.Deploy.0 = Debug|Any CPU
		{F3941B39-CDA6-4E79-A287-1C4699BDFF48}.Debug|ARM.ActiveCfg = Debug|ARM
		{F3941B39-CDA6-4E79-A287-1C4699BDFF48}.Debug|ARM.Build.0 = Debug|ARM
		{F3941B39-CDA6-4E79-A287-1C4699BDFF48}.Debug|ARM.Deploy.0 = Debug|ARM
		{F3941B39-CDA6-4E79-A287-1C4699BDFF48}.Debug|x64.ActiveCfg = Debug|x64
		{F3941B39-CDA6-4E79-A287-1C4699BDFF48}.Debug|x64.Build.0 = Debug|x64
		{F3941B39-CDA6-4E79-A287-1C4699BDFF48}.Debug|x64.Deploy.0 = Debug|x64
		{F3941B39-CDA6-4E79-A287-1C4699BDFF48}.Debug|x86.ActiveCfg = Debug|x86
		{F3941B39-CDA6-4E79-A287-1C4699BDFF48}.Debug|x86.Build.0 = Debug|x86
		{F3941B39-CDA6-4E79-A287-1C4699BDFF48}.Debug|x86.Deploy.0 = Debug|x86
		{F3941B39-CDA6-4E79-A287-1C4699BDFF48}.Release|Any CPU.ActiveCfg = Release|Any CPU
		{F3941B39-CDA6-4E79-A287-1C4699BDFF48}.Release|Any CPU.Build.0 = Release|Any CPU
		{F3941B39-CDA6-4E79-A287-1C4699BDFF48}.Release|Any CPU.Deploy.0 = Release|Any CPU
		{F3941B39-CDA6-4E79-A287-1C4699BDFF48}.Release|ARM.ActiveCfg = Release|ARM
		{F3941B39-CDA6-4E79-A287-1C4699BDFF48}.Release|ARM.Build.0 = Release|ARM
		{F3941B39-CDA6-4E79-A287-1C4699BDFF48}.Release|ARM.Deploy.0 = Release|ARM
		{F3941B39-CDA6-4E79-A287-1C4699BDFF48}.Release|x64.ActiveCfg = Release|x64
		{F3941B39-CDA6-4E79-A287-1C4699BDFF48}.Release|x64.Build.0 = Release|x64
		{F3941B39-CDA6-4E79-A287-1C4699BDFF48}.Release|x64.Deploy.0 = Release|x64
		{F3941B39-CDA6-4E79-A287-1C4699BDFF48}.Release|x86.ActiveCfg = Release|x86
		{F3941B39-CDA6-4E79-A287-1C4699BDFF48}.Release|x86.Build.0 = Release|x86
		{F3941B39-CDA6-4E79-A287-1C4699BDFF48}.Release|x86.Deploy.0 = Release|x86
		{1237C397-4200-4DFD-8432-00D2321BDF93}.Debug|Any CPU.ActiveCfg = Debug|Any CPU
		{1237C397-4200-4DFD-8432-00D2321BDF93}.Debug|Any CPU.Build.0 = Debug|Any CPU
		{1237C397-4200-4DFD-8432-00D2321BDF93}.Debug|ARM.ActiveCfg = Debug|Any CPU
		{1237C397-4200-4DFD-8432-00D2321BDF93}.Debug|x64.ActiveCfg = Debug|Any CPU
		{1237C397-4200-4DFD-8432-00D2321BDF93}.Debug|x86.ActiveCfg = Debug|Any CPU
		{1237C397-4200-4DFD-8432-00D2321BDF93}.Release|Any CPU.ActiveCfg = Release|Any CPU
		{1237C397-4200-4DFD-8432-00D2321BDF93}.Release|Any CPU.Build.0 = Release|Any CPU
		{1237C397-4200-4DFD-8432-00D2321BDF93}.Release|ARM.ActiveCfg = Release|Any CPU
		{1237C397-4200-4DFD-8432-00D2321BDF93}.Release|x64.ActiveCfg = Release|Any CPU
		{1237C397-4200-4DFD-8432-00D2321BDF93}.Release|x86.ActiveCfg = Release|Any CPU
	EndGlobalSection
	GlobalSection(SolutionProperties) = preSolution
		HideSolutionNode = FALSE
	EndGlobalSection
EndGlobal
